
Microsoft Visual Studio Solution File, Format Version 12.00
Project("{FAE04EC0-301F-11D3-BF4B-00C04F79EFBC}") = "ChessBackend", "ChessBackend\ChessBackend.csproj", "{7F35DA58-45AF-4513-8E41-8C308C2B1B37}"
EndProject
Global
	GlobalSection(SolutionConfigurationPlatforms) = preSolution
		Debug|Any CPU = Debug|Any CPU
		Release|Any CPU = Release|Any CPU
	EndGlobalSection
	GlobalSection(ProjectConfigurationPlatforms) = postSolution
		{7F35DA58-45AF-4513-8E41-8C308C2B1B37}.Debug|Any CPU.ActiveCfg = Debug|Any CPU
		{7F35DA58-45AF-4513-8E41-8C308C2B1B37}.Debug|Any CPU.Build.0 = Debug|Any CPU
		{7F35DA58-45AF-4513-8E41-8C308C2B1B37}.Release|Any CPU.ActiveCfg = Release|Any CPU
		{7F35DA58-45AF-4513-8E41-8C308C2B1B37}.Release|Any CPU.Build.0 = Release|Any CPU
	EndGlobalSection
EndGlobal
